
Microsoft Visual Studio Solution File, Format Version 12.00
Project("{FAE04EC0-301F-11D3-BF4B-00C04F79EFBC}") = "Volcano.Api", "src\Volcano.Api\Volcano.Api.csproj", "{B5BE2CC7-5815-4F94-B11C-943BEAE58957}"
EndProject
Project("{FAE04EC0-301F-11D3-BF4B-00C04F79EFBC}") = "Volcano.Core", "src\Volcano.Core\Volcano.Core.csproj", "{3338C516-0AA1-4289-985E-43B4C9A485A9}"
EndProject
Global
	GlobalSection(SolutionConfigurationPlatforms) = preSolution
		Debug|Any CPU = Debug|Any CPU
		Release|Any CPU = Release|Any CPU
	EndGlobalSection
	GlobalSection(ProjectConfigurationPlatforms) = postSolution
		{B5BE2CC7-5815-4F94-B11C-943BEAE58957}.Debug|Any CPU.ActiveCfg = Debug|Any CPU
		{B5BE2CC7-5815-4F94-B11C-943BEAE58957}.Debug|Any CPU.Build.0 = Debug|Any CPU
		{B5BE2CC7-5815-4F94-B11C-943BEAE58957}.Release|Any CPU.ActiveCfg = Release|Any CPU
		{B5BE2CC7-5815-4F94-B11C-943BEAE58957}.Release|Any CPU.Build.0 = Release|Any CPU
		{3338C516-0AA1-4289-985E-43B4C9A485A9}.Debug|Any CPU.ActiveCfg = Debug|Any CPU
		{3338C516-0AA1-4289-985E-43B4C9A485A9}.Debug|Any CPU.Build.0 = Debug|Any CPU
		{3338C516-0AA1-4289-985E-43B4C9A485A9}.Release|Any CPU.ActiveCfg = Release|Any CPU
		{3338C516-0AA1-4289-985E-43B4C9A485A9}.Release|Any CPU.Build.0 = Release|Any CPU
	EndGlobalSection
EndGlobal
